
Microsoft Visual Studio Solution File, Format Version 12.00
# Visual Studio Version 16
VisualStudioVersion = 16.0.31313.79
MinimumVisualStudioVersion = 10.0.40219.1
Project("{9A19103F-16F7-4668-BE54-9A1E7A4F7556}") = "TMS-logistics.UI", "TMS-logistics.UI\TMS-logistics.UI.csproj", "{01E0179A-9A6E-4935-B78F-D1848D4D6D66}"
EndProject
Project("{9A19103F-16F7-4668-BE54-9A1E7A4F7556}") = "TMS-logistics.DAL", "TMS-logistics.DAL\TMS-logistics.DAL.csproj", "{8029C794-D152-4D7E-8792-0EEE7DBD1228}"
EndProject
Project("{9A19103F-16F7-4668-BE54-9A1E7A4F7556}") = "TMS-logistics.IDAL", "TMS-logistics.IDAL\TMS-logistics.IDAL.csproj", "{48E1C02D-579F-4821-80B8-3A7E6C7D1B3D}"
EndProject
Project("{9A19103F-16F7-4668-BE54-9A1E7A4F7556}") = "TMS-logistics.Common", "TMS-logistics.Common\TMS-logistics.Common.csproj", "{26085689-1B5B-46B0-AD4E-4B108470BE4F}"
EndProject
Project("{9A19103F-16F7-4668-BE54-9A1E7A4F7556}") = "TMS-logistics.Model", "TMS-logistics.Model\TMS-logistics.Model.csproj", "{4E5B1B19-EF4A-4E6D-A24A-C75CE1086D89}"
EndProject
Project("{9A19103F-16F7-4668-BE54-9A1E7A4F7556}") = "TMS-logistics.logic", "TMS-logistics.logic\TMS-logistics.logic.csproj", "{9502C508-710A-48BB-A85C-567650890D87}"
EndProject
Global
	GlobalSection(SolutionConfigurationPlatforms) = preSolution
		Debug|Any CPU = Debug|Any CPU
		Release|Any CPU = Release|Any CPU
	EndGlobalSection
	GlobalSection(ProjectConfigurationPlatforms) = postSolution
		{01E0179A-9A6E-4935-B78F-D1848D4D6D66}.Debug|Any CPU.ActiveCfg = Debug|Any CPU
		{01E0179A-9A6E-4935-B78F-D1848D4D6D66}.Debug|Any CPU.Build.0 = Debug|Any CPU
		{01E0179A-9A6E-4935-B78F-D1848D4D6D66}.Release|Any CPU.ActiveCfg = Release|Any CPU
		{01E0179A-9A6E-4935-B78F-D1848D4D6D66}.Release|Any CPU.Build.0 = Release|Any CPU
		{8029C794-D152-4D7E-8792-0EEE7DBD1228}.Debug|Any CPU.ActiveCfg = Debug|Any CPU
		{8029C794-D152-4D7E-8792-0EEE7DBD1228}.Debug|Any CPU.Build.0 = Debug|Any CPU
		{8029C794-D152-4D7E-8792-0EEE7DBD1228}.Release|Any CPU.ActiveCfg = Release|Any CPU
		{8029C794-D152-4D7E-8792-0EEE7DBD1228}.Release|Any CPU.Build.0 = Release|Any CPU
		{48E1C02D-579F-4821-80B8-3A7E6C7D1B3D}.Debug|Any CPU.ActiveCfg = Debug|Any CPU
		{48E1C02D-579F-4821-80B8-3A7E6C7D1B3D}.Debug|Any CPU.Build.0 = Debug|Any CPU
		{48E1C02D-579F-4821-80B8-3A7E6C7D1B3D}.Release|Any CPU.ActiveCfg = Release|Any CPU
		{48E1C02D-579F-4821-80B8-3A7E6C7D1B3D}.Release|Any CPU.Build.0 = Release|Any CPU
		{26085689-1B5B-46B0-AD4E-4B108470BE4F}.Debug|Any CPU.ActiveCfg = Debug|Any CPU
		{26085689-1B5B-46B0-AD4E-4B108470BE4F}.Debug|Any CPU.Build.0 = Debug|Any CPU
		{26085689-1B5B-46B0-AD4E-4B108470BE4F}.Release|Any CPU.ActiveCfg = Release|Any CPU
		{26085689-1B5B-46B0-AD4E-4B108470BE4F}.Release|Any CPU.Build.0 = Release|Any CPU
		{4E5B1B19-EF4A-4E6D-A24A-C75CE1086D89}.Debug|Any CPU.ActiveCfg = Debug|Any CPU
		{4E5B1B19-EF4A-4E6D-A24A-C75CE1086D89}.Debug|Any CPU.Build.0 = Debug|Any CPU
		{4E5B1B19-EF4A-4E6D-A24A-C75CE1086D89}.Release|Any CPU.ActiveCfg = Release|Any CPU
		{4E5B1B19-EF4A-4E6D-A24A-C75CE1086D89}.Release|Any CPU.Build.0 = Release|Any CPU
		{9502C508-710A-48BB-A85C-567650890D87}.Debug|Any CPU.ActiveCfg = Debug|Any CPU
		{9502C508-710A-48BB-A85C-567650890D87}.Debug|Any CPU.Build.0 = Debug|Any CPU
		{9502C508-710A-48BB-A85C-567650890D87}.Release|Any CPU.ActiveCfg = Release|Any CPU
		{9502C508-710A-48BB-A85C-567650890D87}.Release|Any CPU.Build.0 = Release|Any CPU
	EndGlobalSection
	GlobalSection(SolutionProperties) = preSolution
		HideSolutionNode = FALSE
	EndGlobalSection
	GlobalSection(ExtensibilityGlobals) = postSolution
		SolutionGuid = {FDE6DC47-A54B-43AC-8529-784B7766BF1D}
	EndGlobalSection
EndGlobal
